{
  "requires": true,
  "lockfileVersion": 1,
  "dependencies": {
    "@ionic-native/camera": {
      "version": "4.5.3",
      "resolved": "https://registry.npmjs.org/@ionic-native/camera/-/camera-4.5.3.tgz",
      "integrity": "sha512-0Rf7GIl9TjrZpPRAHyQYF3/HEj1L6vCMngB7wMhy/xRQmDIC/jNOt/gIwxmMe95vrON4vFi9E8ymyoG9WH8giA=="
    },
    "@ionic-native/file": {
      "version": "4.5.3",
      "resolved": "https://registry.npmjs.org/@ionic-native/file/-/file-4.5.3.tgz",
      "integrity": "sha512-108OSU/U0lEbROB6CCy7yVuoNKVqIlwAy3N0MtJBK+bDRzSVEPgc2Ttu8f0GKvUki++r1Of/fY+Yv3Ut8rb9Lw=="
    },
    "@ionic-native/file-path": {
      "version": "4.5.3",
      "resolved": "https://registry.npmjs.org/@ionic-native/file-path/-/file-path-4.5.3.tgz",
      "integrity": "sha512-c/A0WoWQz6D+Q+wY+O0Oxg6uRQp+tNyi7Ajc2hTLcwIOxyvrOCHu4sAnOqaZ2e/hEjjKYr2ri2Sj0eb4P2yUDw=="
    },
    "@ionic-native/transfer": {
      "version": "3.14.0",
      "resolved": "https://registry.npmjs.org/@ionic-native/transfer/-/transfer-3.14.0.tgz",
      "integrity": "sha1-Q/t7kScvJFEzBjsKGllHknsJsho="
    }
  }
}
